// !$*UTF8*$!
{
	archiveVersion = 1;
	classes = {
	};
	objectVersion = 45;
	objects = {

/* Begin PBXBuildFile section */
		0C3231E7126FAD3600CA3948 /* themeutils.m in Sources */ = {isa = PBXBuildFile; fileRef = 0C3231E6126FAD3600CA3948 /* themeutils.m */; };
		0C683A3B127DCE3500C68FEC /* RegexKitLite.m in Sources */ = {isa = PBXBuildFile; fileRef = 0C683A3A127DCE3500C68FEC /* RegexKitLite.m */; };
		0C683A3D127DCE5900C68FEC /* libicucore.dylib in Frameworks */ = {isa = PBXBuildFile; fileRef = 0C683A3C127DCE5900C68FEC /* libicucore.dylib */; };
		0CB57A2912553F9F00F117F0 /* utils.m in Sources */ = {isa = PBXBuildFile; fileRef = 0CB57A2812553F9F00F117F0 /* utils.m */; };
		750126871278F9F000ACBF1C /* self-ml.c in Sources */ = {isa = PBXBuildFile; fileRef = 750126801278F9F000ACBF1C /* self-ml.c */; };
		750126881278F9F000ACBF1C /* SFONode.m in Sources */ = {isa = PBXBuildFile; fileRef = 750126841278F9F000ACBF1C /* SFONode.m */; };
		750126891278F9F000ACBF1C /* SFONodeChild.m in Sources */ = {isa = PBXBuildFile; fileRef = 750126861278F9F000ACBF1C /* SFONodeChild.m */; };
		75055B6C12AFA4550080901E /* NSMutableArray+Duplicates.m in Sources */ = {isa = PBXBuildFile; fileRef = 75055B6B12AFA4550080901E /* NSMutableArray+Duplicates.m */; };
		7519781F129855BE00FE3BB3 /* T2TKeyEquivalentConverter.m in Sources */ = {isa = PBXBuildFile; fileRef = 7519781E129855BE00FE3BB3 /* T2TKeyEquivalentConverter.m */; };
		753785F612665AAC00676EB6 /* T2TSnippetConverterLexer.m in Sources */ = {isa = PBXBuildFile; fileRef = 753785F312665AAC00676EB6 /* T2TSnippetConverterLexer.m */; };
		753785F712665AAC00676EB6 /* T2TSnippetConverterParser.m in Sources */ = {isa = PBXBuildFile; fileRef = 753785F512665AAC00676EB6 /* T2TSnippetConverterParser.m */; };
		8DD76F9A0486AA7600D96B5E /* tm2truffle.m in Sources */ = {isa = PBXBuildFile; fileRef = 08FB7796FE84155DC02AAC07 /* tm2truffle.m */; settings = {ATTRIBUTES = (); }; };
		8DD76F9C0486AA7600D96B5E /* Foundation.framework in Frameworks */ = {isa = PBXBuildFile; fileRef = 08FB779EFE84155DC02AAC07 /* Foundation.framework */; };
		8DD76F9F0486AA7600D96B5E /* tm2truffle.1 in CopyFiles */ = {isa = PBXBuildFile; fileRef = C6859EA3029092ED04C91782 /* tm2truffle.1 */; };
/* End PBXBuildFile section */

/* Begin PBXCopyFilesBuildPhase section */
		8DD76F9E0486AA7600D96B5E /* CopyFiles */ = {
			isa = PBXCopyFilesBuildPhase;
			buildActionMask = 8;
			dstPath = /usr/share/man/man1/;
			dstSubfolderSpec = 0;
			files = (
				8DD76F9F0486AA7600D96B5E /* tm2truffle.1 in CopyFiles */,
			);
			runOnlyForDeploymentPostprocessing = 1;
		};
/* End PBXCopyFilesBuildPhase section */

/* Begin PBXFileReference section */
		08FB7796FE84155DC02AAC07 /* tm2truffle.m */ = {isa = PBXFileReference; fileEncoding = 4; lastKnownFileType = sourcecode.c.objc; path = tm2truffle.m; sourceTree = "<group>"; };
		08FB779EFE84155DC02AAC07 /* Foundation.framework */ = {isa = PBXFileReference; lastKnownFileType = wrapper.framework; name = Foundation.framework; path = /System/Library/Frameworks/Foundation.framework; sourceTree = "<absolute>"; };
		0C3231E5126FAD2000CA3948 /* themeutils.h */ = {isa = PBXFileReference; fileEncoding = 4; lastKnownFileType = sourcecode.c.h; path = themeutils.h; sourceTree = "<group>"; };
		0C3231E6126FAD3600CA3948 /* themeutils.m */ = {isa = PBXFileReference; fileEncoding = 4; lastKnownFileType = sourcecode.c.objc; path = themeutils.m; sourceTree = "<group>"; };
		0C683A39127DCE3500C68FEC /* RegexKitLite.h */ = {isa = PBXFileReference; fileEncoding = 4; lastKnownFileType = sourcecode.c.h; path = RegexKitLite.h; sourceTree = "<group>"; };
		0C683A3A127DCE3500C68FEC /* RegexKitLite.m */ = {isa = PBXFileReference; fileEncoding = 4; lastKnownFileType = sourcecode.c.objc; path = RegexKitLite.m; sourceTree = "<group>"; };
		0C683A3C127DCE5900C68FEC /* libicucore.dylib */ = {isa = PBXFileReference; lastKnownFileType = "compiled.mach-o.dylib"; name = libicucore.dylib; path = usr/lib/libicucore.dylib; sourceTree = SDKROOT; };
		0C91C7BD1258FA3D00B8532C /* self-ml.framework */ = {isa = PBXFileReference; lastKnownFileType = wrapper.framework; path = "self-ml.framework"; sourceTree = "<group>"; };
		0CB57A2712553F9400F117F0 /* utils.h */ = {isa = PBXFileReference; fileEncoding = 4; lastKnownFileType = sourcecode.c.h; path = utils.h; sourceTree = "<group>"; };
		0CB57A2812553F9F00F117F0 /* utils.m */ = {isa = PBXFileReference; fileEncoding = 4; lastKnownFileType = sourcecode.c.objc; path = utils.m; sourceTree = "<group>"; };
		32A70AAB03705E1F00C91783 /* tm2truffle_Prefix.pch */ = {isa = PBXFileReference; fileEncoding = 4; lastKnownFileType = sourcecode.c.h; path = tm2truffle_Prefix.pch; sourceTree = "<group>"; };
		750126801278F9F000ACBF1C /* self-ml.c */ = {isa = PBXFileReference; fileEncoding = 4; lastKnownFileType = sourcecode.c.c; path = "self-ml.c"; sourceTree = "<group>"; };
		750126811278F9F000ACBF1C /* self-ml.h */ = {isa = PBXFileReference; fileEncoding = 4; lastKnownFileType = sourcecode.c.h; path = "self-ml.h"; sourceTree = "<group>"; };
		750126831278F9F000ACBF1C /* SFONode.h */ = {isa = PBXFileReference; fileEncoding = 4; lastKnownFileType = sourcecode.c.h; path = SFONode.h; sourceTree = "<group>"; };
		750126841278F9F000ACBF1C /* SFONode.m */ = {isa = PBXFileReference; fileEncoding = 4; lastKnownFileType = sourcecode.c.objc; path = SFONode.m; sourceTree = "<group>"; };
		750126851278F9F000ACBF1C /* SFONodeChild.h */ = {isa = PBXFileReference; fileEncoding = 4; lastKnownFileType = sourcecode.c.h; path = SFONodeChild.h; sourceTree = "<group>"; };
		750126861278F9F000ACBF1C /* SFONodeChild.m */ = {isa = PBXFileReference; fileEncoding = 4; lastKnownFileType = sourcecode.c.objc; path = SFONodeChild.m; sourceTree = "<group>"; };
		75055B6A12AFA4550080901E /* NSMutableArray+Duplicates.h */ = {isa = PBXFileReference; fileEncoding = 4; lastKnownFileType = sourcecode.c.h; path = "NSMutableArray+Duplicates.h"; sourceTree = "<group>"; };
		75055B6B12AFA4550080901E /* NSMutableArray+Duplicates.m */ = {isa = PBXFileReference; fileEncoding = 4; lastKnownFileType = sourcecode.c.objc; path = "NSMutableArray+Duplicates.m"; sourceTree = "<group>"; };
		7519781D129855BE00FE3BB3 /* T2TKeyEquivalentConverter.h */ = {isa = PBXFileReference; fileEncoding = 4; lastKnownFileType = sourcecode.c.h; path = T2TKeyEquivalentConverter.h; sourceTree = "<group>"; };
		7519781E129855BE00FE3BB3 /* T2TKeyEquivalentConverter.m */ = {isa = PBXFileReference; fileEncoding = 4; lastKnownFileType = sourcecode.c.objc; path = T2TKeyEquivalentConverter.m; sourceTree = "<group>"; };
		753785D712663E7D00676EB6 /* T2TSnippetConverterLexer.rl */ = {isa = PBXFileReference; fileEncoding = 4; lastKnownFileType = text; path = T2TSnippetConverterLexer.rl; sourceTree = "<group>"; xcLanguageSpecificationIdentifier = xcode.lang.objcpp; };
		753785DA12663ED900676EB6 /* T2TSnippetConverterParser.lemon */ = {isa = PBXFileReference; fileEncoding = 4; lastKnownFileType = text; path = T2TSnippetConverterParser.lemon; sourceTree = "<group>"; xcLanguageSpecificationIdentifier = xcode.lang.objc; };
		753785F212665AAC00676EB6 /* T2TSnippetConverterLexer.h */ = {isa = PBXFileReference; fileEncoding = 4; lastKnownFileType = sourcecode.c.h; path = T2TSnippetConverterLexer.h; sourceTree = "<group>"; };
		753785F312665AAC00676EB6 /* T2TSnippetConverterLexer.m */ = {isa = PBXFileReference; fileEncoding = 4; lastKnownFileType = sourcecode.c.objc; path = T2TSnippetConverterLexer.m; sourceTree = "<group>"; };
		753785F412665AAC00676EB6 /* T2TSnippetConverterParser.h */ = {isa = PBXFileReference; fileEncoding = 4; lastKnownFileType = sourcecode.c.h; path = T2TSnippetConverterParser.h; sourceTree = "<group>"; };
		753785F512665AAC00676EB6 /* T2TSnippetConverterParser.m */ = {isa = PBXFileReference; fileEncoding = 4; lastKnownFileType = sourcecode.c.objc; path = T2TSnippetConverterParser.m; sourceTree = "<group>"; };
		753785FF12665ADF00676EB6 /* T2TSnippetConverterShared.h */ = {isa = PBXFileReference; fileEncoding = 4; lastKnownFileType = sourcecode.c.h; path = T2TSnippetConverterShared.h; sourceTree = "<group>"; };
		8DD76FA10486AA7600D96B5E /* tm2truffle */ = {isa = PBXFileReference; explicitFileType = "compiled.mach-o.executable"; includeInIndex = 0; path = tm2truffle; sourceTree = BUILT_PRODUCTS_DIR; };
		C6859EA3029092ED04C91782 /* tm2truffle.1 */ = {isa = PBXFileReference; lastKnownFileType = text.man; path = tm2truffle.1; sourceTree = "<group>"; };
/* End PBXFileReference section */

/* Begin PBXFrameworksBuildPhase section */
		8DD76F9B0486AA7600D96B5E /* Frameworks */ = {
			isa = PBXFrameworksBuildPhase;
			buildActionMask = 2147483647;
			files = (
				8DD76F9C0486AA7600D96B5E /* Foundation.framework in Frameworks */,
				0C683A3D127DCE5900C68FEC /* libicucore.dylib in Frameworks */,
			);
			runOnlyForDeploymentPostprocessing = 0;
		};
/* End PBXFrameworksBuildPhase section */

/* Begin PBXGroup section */
		08FB7794FE84155DC02AAC07 /* tm2truffle */ = {
			isa = PBXGroup;
			children = (
				08FB7795FE84155DC02AAC07 /* Source */,
				753785FA12665ABB00676EB6 /* Other Source */,
				C6859EA2029092E104C91782 /* Documentation */,
				08FB779DFE84155DC02AAC07 /* External Frameworks and Libraries */,
				1AB674ADFE9D54B511CA2CBB /* Products */,
				0C683A3C127DCE5900C68FEC /* libicucore.dylib */,
			);
			name = tm2truffle;
			sourceTree = "<group>";
		};
		08FB7795FE84155DC02AAC07 /* Source */ = {
			isa = PBXGroup;
			children = (
				7501267F1278F9F000ACBF1C /* Source */,
				750126821278F9F000ACBF1C /* Source */,
				32A70AAB03705E1F00C91783 /* tm2truffle_Prefix.pch */,
				08FB7796FE84155DC02AAC07 /* tm2truffle.m */,
				0CB57A2712553F9400F117F0 /* utils.h */,
				0CB57A2812553F9F00F117F0 /* utils.m */,
				0C3231E5126FAD2000CA3948 /* themeutils.h */,
				0C3231E6126FAD3600CA3948 /* themeutils.m */,
				753785FF12665ADF00676EB6 /* T2TSnippetConverterShared.h */,
				753785F212665AAC00676EB6 /* T2TSnippetConverterLexer.h */,
				753785F312665AAC00676EB6 /* T2TSnippetConverterLexer.m */,
				753785F412665AAC00676EB6 /* T2TSnippetConverterParser.h */,
				753785F512665AAC00676EB6 /* T2TSnippetConverterParser.m */,
				7519781D129855BE00FE3BB3 /* T2TKeyEquivalentConverter.h */,
				7519781E129855BE00FE3BB3 /* T2TKeyEquivalentConverter.m */,
				75055B6A12AFA4550080901E /* NSMutableArray+Duplicates.h */,
				75055B6B12AFA4550080901E /* NSMutableArray+Duplicates.m */,
			);
			name = Source;
			sourceTree = "<group>";
		};
		08FB779DFE84155DC02AAC07 /* External Frameworks and Libraries */ = {
			isa = PBXGroup;
			children = (
				08FB779EFE84155DC02AAC07 /* Foundation.framework */,
				0C91C7BD1258FA3D00B8532C /* self-ml.framework */,
			);
			name = "External Frameworks and Libraries";
			sourceTree = "<group>";
		};
		1AB674ADFE9D54B511CA2CBB /* Products */ = {
			isa = PBXGroup;
			children = (
				8DD76FA10486AA7600D96B5E /* tm2truffle */,
			);
			name = Products;
			sourceTree = "<group>";
		};
		7501267F1278F9F000ACBF1C /* Source */ = {
			isa = PBXGroup;
			children = (
				750126801278F9F000ACBF1C /* self-ml.c */,
				750126811278F9F000ACBF1C /* self-ml.h */,
			);
			name = Source;
			path = "../self-ml/Implementations/C/Source";
			sourceTree = "<group>";
		};
		750126821278F9F000ACBF1C /* Source */ = {
			isa = PBXGroup;
			children = (
				750126831278F9F000ACBF1C /* SFONode.h */,
				750126841278F9F000ACBF1C /* SFONode.m */,
				750126851278F9F000ACBF1C /* SFONodeChild.h */,
				750126861278F9F000ACBF1C /* SFONodeChild.m */,
			);
			name = Source;
			path = "../self-ml/Implementations/Objective-C/Source";
			sourceTree = "<group>";
		};
		753785FA12665ABB00676EB6 /* Other Source */ = {
			isa = PBXGroup;
			children = (
				0C683A39127DCE3500C68FEC /* RegexKitLite.h */,
				0C683A3A127DCE3500C68FEC /* RegexKitLite.m */,
				753785D712663E7D00676EB6 /* T2TSnippetConverterLexer.rl */,
				753785DA12663ED900676EB6 /* T2TSnippetConverterParser.lemon */,
			);
			name = "Other Source";
			sourceTree = "<group>";
		};
		C6859EA2029092E104C91782 /* Documentation */ = {
			isa = PBXGroup;
			children = (
				C6859EA3029092ED04C91782 /* tm2truffle.1 */,
			);
			name = Documentation;
			sourceTree = "<group>";
		};
/* End PBXGroup section */

/* Begin PBXNativeTarget section */
		8DD76F960486AA7600D96B5E /* tm2truffle */ = {
			isa = PBXNativeTarget;
			buildConfigurationList = 1DEB927408733DD40010E9CD /* Build configuration list for PBXNativeTarget "tm2truffle" */;
			buildPhases = (
				753785DD1266578F00676EB6 /* ShellScript */,
				8DD76F990486AA7600D96B5E /* Sources */,
				8DD76F9B0486AA7600D96B5E /* Frameworks */,
				8DD76F9E0486AA7600D96B5E /* CopyFiles */,
			);
			buildRules = (
			);
			dependencies = (
			);
			name = tm2truffle;
			productInstallPath = "$(HOME)/bin";
			productName = tm2truffle;
			productReference = 8DD76FA10486AA7600D96B5E /* tm2truffle */;
			productType = "com.apple.product-type.tool";
		};
/* End PBXNativeTarget section */

/* Begin PBXProject section */
		08FB7793FE84155DC02AAC07 /* Project object */ = {
			isa = PBXProject;
			buildConfigurationList = 1DEB927808733DD40010E9CD /* Build configuration list for PBXProject "tm2truffle" */;
			compatibilityVersion = "Xcode 3.1";
			hasScannedForEncodings = 1;
			knownRegions = (
				English,
				Japanese,
				French,
				German,
			);
			mainGroup = 08FB7794FE84155DC02AAC07 /* tm2truffle */;
			projectDirPath = "";
			projectRoot = "";
			targets = (
				8DD76F960486AA7600D96B5E /* tm2truffle */,
			);
		};
/* End PBXProject section */

/* Begin PBXShellScriptBuildPhase section */
		753785DD1266578F00676EB6 /* ShellScript */ = {
			isa = PBXShellScriptBuildPhase;
			buildActionMask = 2147483647;
			files = (
			);
			inputPaths = (
			);
			outputPaths = (
			);
			runOnlyForDeploymentPostprocessing = 0;
			shellPath = /bin/sh;
			shellScript = "# Generate the parser\n./lemon T2TSnippetConverterParser.lemon\nmv T2TSnippetConverterParser.c T2TSnippetConverterParser.m\n\n# Generate the lexer\n./ragel T2TSnippetConverterLexer.rl\nmv T2TSnippetConverterLexer.c T2TSnippetConverterLexer.m";
		};
/* End PBXShellScriptBuildPhase section */

/* Begin PBXSourcesBuildPhase section */
		8DD76F990486AA7600D96B5E /* Sources */ = {
			isa = PBXSourcesBuildPhase;
			buildActionMask = 2147483647;
			files = (
				8DD76F9A0486AA7600D96B5E /* tm2truffle.m in Sources */,
				0CB57A2912553F9F00F117F0 /* utils.m in Sources */,
				753785F612665AAC00676EB6 /* T2TSnippetConverterLexer.m in Sources */,
				753785F712665AAC00676EB6 /* T2TSnippetConverterParser.m in Sources */,
				0C3231E7126FAD3600CA3948 /* themeutils.m in Sources */,
				750126871278F9F000ACBF1C /* self-ml.c in Sources */,
				750126881278F9F000ACBF1C /* SFONode.m in Sources */,
				750126891278F9F000ACBF1C /* SFONodeChild.m in Sources */,
				0C683A3B127DCE3500C68FEC /* RegexKitLite.m in Sources */,
				7519781F129855BE00FE3BB3 /* T2TKeyEquivalentConverter.m in Sources */,
				75055B6C12AFA4550080901E /* NSMutableArray+Duplicates.m in Sources */,
			);
			runOnlyForDeploymentPostprocessing = 0;
		};
/* End PBXSourcesBuildPhase section */

/* Begin XCBuildConfiguration section */
		1DEB927508733DD40010E9CD /* Debug */ = {
			isa = XCBuildConfiguration;
			buildSettings = {
				ALWAYS_SEARCH_USER_PATHS = NO;
				COPY_PHASE_STRIP = NO;
				FRAMEWORK_SEARCH_PATHS = (
					"$(inherited)",
					"\"$(SRCROOT)\"",
				);
				GCC_DYNAMIC_NO_PIC = NO;
				GCC_ENABLE_FIX_AND_CONTINUE = YES;
				GCC_ENABLE_OBJC_GC = required;
				GCC_MODEL_TUNING = G5;
				GCC_OPTIMIZATION_LEVEL = 0;
				GCC_PRECOMPILE_PREFIX_HEADER = YES;
				GCC_PREFIX_HEADER = tm2truffle_Prefix.pch;
				GCC_VERSION = com.apple.compilers.llvm.clang.1_0;
				INSTALL_PATH = /usr/local/bin;
				PRODUCT_NAME = tm2truffle;
			};
			name = Debug;
		};
		1DEB927608733DD40010E9CD /* Release */ = {
			isa = XCBuildConfiguration;
			buildSettings = {
				ALWAYS_SEARCH_USER_PATHS = NO;
				DEBUG_INFORMATION_FORMAT = "dwarf-with-dsym";
				FRAMEWORK_SEARCH_PATHS = (
					"$(inherited)",
					"\"$(SRCROOT)\"",
				);
				GCC_ENABLE_OBJC_GC = required;
				GCC_MODEL_TUNING = G5;
				GCC_PRECOMPILE_PREFIX_HEADER = YES;
				GCC_PREFIX_HEADER = tm2truffle_Prefix.pch;
				GCC_VERSION = com.apple.compilers.llvm.clang.1_0;
				INSTALL_PATH = /usr/local/bin;
				PRODUCT_NAME = tm2truffle;
			};
			name = Release;
		};
		1DEB927908733DD40010E9CD /* Debug */ = {
			isa = XCBuildConfiguration;
			buildSettings = {
				ARCHS = "$(ARCHS_STANDARD_32_64_BIT)";
				GCC_C_LANGUAGE_STANDARD = gnu99;
				GCC_ENABLE_OBJC_GC = required;
				GCC_OPTIMIZATION_LEVEL = 0;
				GCC_WARN_ABOUT_RETURN_TYPE = YES;
				GCC_WARN_UNUSED_VARIABLE = YES;
				ONLY_ACTIVE_ARCH = NO;
				PREBINDING = NO;
				SDKROOT = macosx10.6;
				VALID_ARCHS = "i386 x86_64";
			};
			name = Debug;
		};
		1DEB927A08733DD40010E9CD /* Release */ = {
			isa = XCBuildConfiguration;
			buildSettings = {
				ARCHS = "$(ARCHS_STANDARD_32_64_BIT)";
				GCC_C_LANGUAGE_STANDARD = gnu99;
				GCC_WARN_ABOUT_RETURN_TYPE = YES;
				GCC_WARN_UNUSED_VARIABLE = YES;
				ONLY_ACTIVE_ARCH = NO;
				PREBINDING = NO;
				SDKROOT = macosx10.6;
				VALID_ARCHS = "i386 x86_64";
			};
			name = Release;
		};
/* End XCBuildConfiguration section */

/* Begin XCConfigurationList section */
		1DEB927408733DD40010E9CD /* Build configuration list for PBXNativeTarget "tm2truffle" */ = {
			isa = XCConfigurationList;
			buildConfigurations = (
				1DEB927508733DD40010E9CD /* Debug */,
				1DEB927608733DD40010E9CD /* Release */,
			);
			defaultConfigurationIsVisible = 0;
			defaultConfigurationName = Release;
		};
		1DEB927808733DD40010E9CD /* Build configuration list for PBXProject "tm2truffle" */ = {
			isa = XCConfigurationList;
			buildConfigurations = (
				1DEB927908733DD40010E9CD /* Debug */,
				1DEB927A08733DD40010E9CD /* Release */,
			);
			defaultConfigurationIsVisible = 0;
			defaultConfigurationName = Release;
		};
/* End XCConfigurationList section */
	};
	rootObject = 08FB7793FE84155DC02AAC07 /* Project object */;
}
